// !$*UTF8*$!
{
	archiveVersion = 1;
	classes = {
	};
	objectVersion = 50;
	objects = {

/* Begin PBXBuildFile section */
		1971B43A2CB944796DCE9848 /* Pods_chatApp.framework in Frameworks */ = {isa = PBXBuildFile; fileRef = 00751A392CEB42A8735C579F /* Pods_chatApp.framework */; };
		3801322621A9A17700C230D9 /* NewMessageController.swift in Sources */ = {isa = PBXBuildFile; fileRef = 3801322521A9A17700C230D9 /* NewMessageController.swift */; };
		3801322921A9B22B00C230D9 /* User.swift in Sources */ = {isa = PBXBuildFile; fileRef = 3801322821A9B22B00C230D9 /* User.swift */; };
		38D0904C21A82CB20022EAD5 /* GoogleService-Info.plist in Resources */ = {isa = PBXBuildFile; fileRef = 38D0904B21A82CB20022EAD5 /* GoogleService-Info.plist */; };
		38D504B621A5040D001097FD /* AppDelegate.swift in Sources */ = {isa = PBXBuildFile; fileRef = 38D504B521A5040D001097FD /* AppDelegate.swift */; };
		38D504B821A5040D001097FD /* MessageController.swift in Sources */ = {isa = PBXBuildFile; fileRef = 38D504B721A5040D001097FD /* MessageController.swift */; };
		38D504BB21A5040D001097FD /* Main.storyboard in Resources */ = {isa = PBXBuildFile; fileRef = 38D504B921A5040D001097FD /* Main.storyboard */; };
		38D504BD21A5040F001097FD /* Assets.xcassets in Resources */ = {isa = PBXBuildFile; fileRef = 38D504BC21A5040F001097FD /* Assets.xcassets */; };
		38D504C021A5040F001097FD /* LaunchScreen.storyboard in Resources */ = {isa = PBXBuildFile; fileRef = 38D504BE21A5040F001097FD /* LaunchScreen.storyboard */; };
		38D504CB21A5040F001097FD /* chatAppTests.swift in Sources */ = {isa = PBXBuildFile; fileRef = 38D504CA21A5040F001097FD /* chatAppTests.swift */; };
		38D504D621A5040F001097FD /* chatAppUITests.swift in Sources */ = {isa = PBXBuildFile; fileRef = 38D504D521A5040F001097FD /* chatAppUITests.swift */; };
		38D504E521A517C4001097FD /* loginController.swift in Sources */ = {isa = PBXBuildFile; fileRef = 38D504E421A517C4001097FD /* loginController.swift */; };
		3A57097F2E003D776D78D90C /* Pods_chatAppTests.framework in Frameworks */ = {isa = PBXBuildFile; fileRef = EB5BC20D5EA5F95B380B6EB0 /* Pods_chatAppTests.framework */; };
		A1D055401882F53BDC869A93 /* Pods_chatAppUITests.framework in Frameworks */ = {isa = PBXBuildFile; fileRef = FA0F08DF56DDF71D6AA27F2F /* Pods_chatAppUITests.framework */; };
/* End PBXBuildFile section */

/* Begin PBXContainerItemProxy section */
		38D504C721A5040F001097FD /* PBXContainerItemProxy */ = {
			isa = PBXContainerItemProxy;
			containerPortal = 38D504AA21A5040D001097FD /* Project object */;
			proxyType = 1;
			remoteGlobalIDString = 38D504B121A5040D001097FD;
			remoteInfo = chatApp;
		};
		38D504D221A5040F001097FD /* PBXContainerItemProxy */ = {
			isa = PBXContainerItemProxy;
			containerPortal = 38D504AA21A5040D001097FD /* Project object */;
			proxyType = 1;
			remoteGlobalIDString = 38D504B121A5040D001097FD;
			remoteInfo = chatApp;
		};
/* End PBXContainerItemProxy section */

/* Begin PBXFileReference section */
		00751A392CEB42A8735C579F /* Pods_chatApp.framework */ = {isa = PBXFileReference; explicitFileType = wrapper.framework; includeInIndex = 0; path = Pods_chatApp.framework; sourceTree = BUILT_PRODUCTS_DIR; };
		09F97EE8074C32223C696ABB /* Pods-chatAppUITests.debug.xcconfig */ = {isa = PBXFileReference; includeInIndex = 1; lastKnownFileType = text.xcconfig; name = "Pods-chatAppUITests.debug.xcconfig"; path = "Pods/Target Support Files/Pods-chatAppUITests/Pods-chatAppUITests.debug.xcconfig"; sourceTree = "<group>"; };
		12F3CBE4B6EA0C3082028667 /* Pods-chatAppTests.debug.xcconfig */ = {isa = PBXFileReference; includeInIndex = 1; lastKnownFileType = text.xcconfig; name = "Pods-chatAppTests.debug.xcconfig"; path = "Pods/Target Support Files/Pods-chatAppTests/Pods-chatAppTests.debug.xcconfig"; sourceTree = "<group>"; };
		3801322521A9A17700C230D9 /* NewMessageController.swift */ = {isa = PBXFileReference; lastKnownFileType = sourcecode.swift; path = NewMessageController.swift; sourceTree = "<group>"; };
		3801322821A9B22B00C230D9 /* User.swift */ = {isa = PBXFileReference; lastKnownFileType = sourcecode.swift; path = User.swift; sourceTree = "<group>"; };
		38D0904B21A82CB20022EAD5 /* GoogleService-Info.plist */ = {isa = PBXFileReference; fileEncoding = 4; lastKnownFileType = text.plist.xml; path = "GoogleService-Info.plist"; sourceTree = "<group>"; };
		38D504B221A5040D001097FD /* chatApp.app */ = {isa = PBXFileReference; explicitFileType = wrapper.application; includeInIndex = 0; path = chatApp.app; sourceTree = BUILT_PRODUCTS_DIR; };
		38D504B521A5040D001097FD /* AppDelegate.swift */ = {isa = PBXFileReference; lastKnownFileType = sourcecode.swift; path = AppDelegate.swift; sourceTree = "<group>"; };
		38D504B721A5040D001097FD /* MessageController.swift */ = {isa = PBXFileReference; lastKnownFileType = sourcecode.swift; path = MessageController.swift; sourceTree = "<group>"; };
		38D504BA21A5040D001097FD /* Base */ = {isa = PBXFileReference; lastKnownFileType = file.storyboard; name = Base; path = Base.lproj/Main.storyboard; sourceTree = "<group>"; };
		38D504BC21A5040F001097FD /* Assets.xcassets */ = {isa = PBXFileReference; lastKnownFileType = folder.assetcatalog; path = Assets.xcassets; sourceTree = "<group>"; };
		38D504BF21A5040F001097FD /* Base */ = {isa = PBXFileReference; lastKnownFileType = file.storyboard; name = Base; path = Base.lproj/LaunchScreen.storyboard; sourceTree = "<group>"; };
		38D504C121A5040F001097FD /* Info.plist */ = {isa = PBXFileReference; lastKnownFileType = text.plist.xml; path = Info.plist; sourceTree = "<group>"; };
		38D504C621A5040F001097FD /* chatAppTests.xctest */ = {isa = PBXFileReference; explicitFileType = wrapper.cfbundle; includeInIndex = 0; path = chatAppTests.xctest; sourceTree = BUILT_PRODUCTS_DIR; };
		38D504CA21A5040F001097FD /* chatAppTests.swift */ = {isa = PBXFileReference; lastKnownFileType = sourcecode.swift; path = chatAppTests.swift; sourceTree = "<group>"; };
		38D504CC21A5040F001097FD /* Info.plist */ = {isa = PBXFileReference; lastKnownFileType = text.plist.xml; path = Info.plist; sourceTree = "<group>"; };
		38D504D121A5040F001097FD /* chatAppUITests.xctest */ = {isa = PBXFileReference; explicitFileType = wrapper.cfbundle; includeInIndex = 0; path = chatAppUITests.xctest; sourceTree = BUILT_PRODUCTS_DIR; };
		38D504D521A5040F001097FD /* chatAppUITests.swift */ = {isa = PBXFileReference; lastKnownFileType = sourcecode.swift; path = chatAppUITests.swift; sourceTree = "<group>"; };
		38D504D721A5040F001097FD /* Info.plist */ = {isa = PBXFileReference; lastKnownFileType = text.plist.xml; path = Info.plist; sourceTree = "<group>"; };
		38D504E421A517C4001097FD /* loginController.swift */ = {isa = PBXFileReference; lastKnownFileType = sourcecode.swift; path = loginController.swift; sourceTree = "<group>"; };
		4C958D647EB7367BD872CCED /* Pods-chatAppUITests.release.xcconfig */ = {isa = PBXFileReference; includeInIndex = 1; lastKnownFileType = text.xcconfig; name = "Pods-chatAppUITests.release.xcconfig"; path = "Pods/Target Support Files/Pods-chatAppUITests/Pods-chatAppUITests.release.xcconfig"; sourceTree = "<group>"; };
		BD65FA74925CEB8598FD5103 /* Pods-chatAppTests.release.xcconfig */ = {isa = PBXFileReference; includeInIndex = 1; lastKnownFileType = text.xcconfig; name = "Pods-chatAppTests.release.xcconfig"; path = "Pods/Target Support Files/Pods-chatAppTests/Pods-chatAppTests.release.xcconfig"; sourceTree = "<group>"; };
		EB5BC20D5EA5F95B380B6EB0 /* Pods_chatAppTests.framework */ = {isa = PBXFileReference; explicitFileType = wrapper.framework; includeInIndex = 0; path = Pods_chatAppTests.framework; sourceTree = BUILT_PRODUCTS_DIR; };
		EC6E974B118BDB4E7BB1EF00 /* Pods-chatApp.debug.xcconfig */ = {isa = PBXFileReference; includeInIndex = 1; lastKnownFileType = text.xcconfig; name = "Pods-chatApp.debug.xcconfig"; path = "Pods/Target Support Files/Pods-chatApp/Pods-chatApp.debug.xcconfig"; sourceTree = "<group>"; };
		F7F99EBB773820B93B865A5D /* Pods-chatApp.release.xcconfig */ = {isa = PBXFileReference; includeInIndex = 1; lastKnownFileType = text.xcconfig; name = "Pods-chatApp.release.xcconfig"; path = "Pods/Target Support Files/Pods-chatApp/Pods-chatApp.release.xcconfig"; sourceTree = "<group>"; };
		FA0F08DF56DDF71D6AA27F2F /* Pods_chatAppUITests.framework */ = {isa = PBXFileReference; explicitFileType = wrapper.framework; includeInIndex = 0; path = Pods_chatAppUITests.framework; sourceTree = BUILT_PRODUCTS_DIR; };
/* End PBXFileReference section */

/* Begin PBXFrameworksBuildPhase section */
		38D504AF21A5040D001097FD /* Frameworks */ = {
			isa = PBXFrameworksBuildPhase;
			buildActionMask = 2147483647;
			files = (
				1971B43A2CB944796DCE9848 /* Pods_chatApp.framework in Frameworks */,
			);
			runOnlyForDeploymentPostprocessing = 0;
		};
		38D504C321A5040F001097FD /* Frameworks */ = {
			isa = PBXFrameworksBuildPhase;
			buildActionMask = 2147483647;
			files = (
				3A57097F2E003D776D78D90C /* Pods_chatAppTests.framework in Frameworks */,
			);
			runOnlyForDeploymentPostprocessing = 0;
		};
		38D504CE21A5040F001097FD /* Frameworks */ = {
			isa = PBXFrameworksBuildPhase;
			buildActionMask = 2147483647;
			files = (
				A1D055401882F53BDC869A93 /* Pods_chatAppUITests.framework in Frameworks */,
			);
			runOnlyForDeploymentPostprocessing = 0;
		};
/* End PBXFrameworksBuildPhase section */

/* Begin PBXGroup section */
		3801322721A9B20F00C230D9 /* Model */ = {
			isa = PBXGroup;
			children = (
				3801322821A9B22B00C230D9 /* User.swift */,
			);
			path = Model;
			sourceTree = "<group>";
		};
		38D504A921A5040D001097FD = {
			isa = PBXGroup;
			children = (
				38D504B421A5040D001097FD /* chatApp */,
				38D504C921A5040F001097FD /* chatAppTests */,
				38D504D421A5040F001097FD /* chatAppUITests */,
				38D504B321A5040D001097FD /* Products */,
				759B4AD32EE210048C5CBAAC /* Pods */,
				F582E581F57282EB50DF21CE /* Frameworks */,
			);
			sourceTree = "<group>";
		};
		38D504B321A5040D001097FD /* Products */ = {
			isa = PBXGroup;
			children = (
				38D504B221A5040D001097FD /* chatApp.app */,
				38D504C621A5040F001097FD /* chatAppTests.xctest */,
				38D504D121A5040F001097FD /* chatAppUITests.xctest */,
			);
			name = Products;
			sourceTree = "<group>";
		};
		38D504B421A5040D001097FD /* chatApp */ = {
			isa = PBXGroup;
			children = (
				3801322721A9B20F00C230D9 /* Model */,
				38D504E321A5178A001097FD /* Controller */,
				38D504B521A5040D001097FD /* AppDelegate.swift */,
				38D504B921A5040D001097FD /* Main.storyboard */,
				38D504BC21A5040F001097FD /* Assets.xcassets */,
				38D504BE21A5040F001097FD /* LaunchScreen.storyboard */,
				38D504C121A5040F001097FD /* Info.plist */,
				38D0904B21A82CB20022EAD5 /* GoogleService-Info.plist */,
			);
			path = chatApp;
			sourceTree = "<group>";
		};
		38D504C921A5040F001097FD /* chatAppTests */ = {
			isa = PBXGroup;
			children = (
				38D504CA21A5040F001097FD /* chatAppTests.swift */,
				38D504CC21A5040F001097FD /* Info.plist */,
			);
			path = chatAppTests;
			sourceTree = "<group>";
		};
		38D504D421A5040F001097FD /* chatAppUITests */ = {
			isa = PBXGroup;
			children = (
				38D504D521A5040F001097FD /* chatAppUITests.swift */,
				38D504D721A5040F001097FD /* Info.plist */,
			);
			path = chatAppUITests;
			sourceTree = "<group>";
		};
		38D504E321A5178A001097FD /* Controller */ = {
			isa = PBXGroup;
			children = (
				38D504E421A517C4001097FD /* loginController.swift */,
				38D504B721A5040D001097FD /* MessageController.swift */,
				3801322521A9A17700C230D9 /* NewMessageController.swift */,
			);
			path = Controller;
			sourceTree = "<group>";
		};
		759B4AD32EE210048C5CBAAC /* Pods */ = {
			isa = PBXGroup;
			children = (
				EC6E974B118BDB4E7BB1EF00 /* Pods-chatApp.debug.xcconfig */,
				F7F99EBB773820B93B865A5D /* Pods-chatApp.release.xcconfig */,
				12F3CBE4B6EA0C3082028667 /* Pods-chatAppTests.debug.xcconfig */,
				BD65FA74925CEB8598FD5103 /* Pods-chatAppTests.release.xcconfig */,
				09F97EE8074C32223C696ABB /* Pods-chatAppUITests.debug.xcconfig */,
				4C958D647EB7367BD872CCED /* Pods-chatAppUITests.release.xcconfig */,
			);
			name = Pods;
			sourceTree = "<group>";
		};
		F582E581F57282EB50DF21CE /* Frameworks */ = {
			isa = PBXGroup;
			children = (
				00751A392CEB42A8735C579F /* Pods_chatApp.framework */,
				EB5BC20D5EA5F95B380B6EB0 /* Pods_chatAppTests.framework */,
				FA0F08DF56DDF71D6AA27F2F /* Pods_chatAppUITests.framework */,
			);
			name = Frameworks;
			sourceTree = "<group>";
		};
/* End PBXGroup section */

/* Begin PBXNativeTarget section */
		38D504B121A5040D001097FD /* chatApp */ = {
			isa = PBXNativeTarget;
			buildConfigurationList = 38D504DA21A5040F001097FD /* Build configuration list for PBXNativeTarget "chatApp" */;
			buildPhases = (
				90075217B68BD51ED972E8DE /* [CP] Check Pods Manifest.lock */,
				38D504AE21A5040D001097FD /* Sources */,
				38D504AF21A5040D001097FD /* Frameworks */,
				38D504B021A5040D001097FD /* Resources */,
				AF47673F909BED4631AFFB14 /* [CP] Embed Pods Frameworks */,
			);
			buildRules = (
			);
			dependencies = (
			);
			name = chatApp;
			productName = chatApp;
			productReference = 38D504B221A5040D001097FD /* chatApp.app */;
			productType = "com.apple.product-type.application";
		};
		38D504C521A5040F001097FD /* chatAppTests */ = {
			isa = PBXNativeTarget;
			buildConfigurationList = 38D504DD21A5040F001097FD /* Build configuration list for PBXNativeTarget "chatAppTests" */;
			buildPhases = (
				1CB42F6DE5540A422B69D2F8 /* [CP] Check Pods Manifest.lock */,
				38D504C221A5040F001097FD /* Sources */,
				38D504C321A5040F001097FD /* Frameworks */,
				38D504C421A5040F001097FD /* Resources */,
			);
			buildRules = (
			);
			dependencies = (
				38D504C821A5040F001097FD /* PBXTargetDependency */,
			);
			name = chatAppTests;
			productName = chatAppTests;
			productReference = 38D504C621A5040F001097FD /* chatAppTests.xctest */;
			productType = "com.apple.product-type.bundle.unit-test";
		};
		38D504D021A5040F001097FD /* chatAppUITests */ = {
			isa = PBXNativeTarget;
			buildConfigurationList = 38D504E021A5040F001097FD /* Build configuration list for PBXNativeTarget "chatAppUITests" */;
			buildPhases = (
				9AB2D557FA17328A79D47466 /* [CP] Check Pods Manifest.lock */,
				38D504CD21A5040F001097FD /* Sources */,
				38D504CE21A5040F001097FD /* Frameworks */,
				38D504CF21A5040F001097FD /* Resources */,
			);
			buildRules = (
			);
			dependencies = (
				38D504D321A5040F001097FD /* PBXTargetDependency */,
			);
			name = chatAppUITests;
			productName = chatAppUITests;
			productReference = 38D504D121A5040F001097FD /* chatAppUITests.xctest */;
			productType = "com.apple.product-type.bundle.ui-testing";
		};
/* End PBXNativeTarget section */

/* Begin PBXProject section */
		38D504AA21A5040D001097FD /* Project object */ = {
			isa = PBXProject;
			attributes = {
				LastSwiftUpdateCheck = 1000;
				LastUpgradeCheck = 1000;
				ORGANIZATIONNAME = "Murad Al Wajed";
				TargetAttributes = {
					38D504B121A5040D001097FD = {
						CreatedOnToolsVersion = 10.0;
					};
					38D504C521A5040F001097FD = {
						CreatedOnToolsVersion = 10.0;
						TestTargetID = 38D504B121A5040D001097FD;
					};
					38D504D021A5040F001097FD = {
						CreatedOnToolsVersion = 10.0;
						TestTargetID = 38D504B121A5040D001097FD;
					};
				};
			};
			buildConfigurationList = 38D504AD21A5040D001097FD /* Build configuration list for PBXProject "chatApp" */;
			compatibilityVersion = "Xcode 9.3";
			developmentRegion = en;
			hasScannedForEncodings = 0;
			knownRegions = (
				en,
				Base,
			);
			mainGroup = 38D504A921A5040D001097FD;
			productRefGroup = 38D504B321A5040D001097FD /* Products */;
			projectDirPath = "";
			projectRoot = "";
			targets = (
				38D504B121A5040D001097FD /* chatApp */,
				38D504C521A5040F001097FD /* chatAppTests */,
				38D504D021A5040F001097FD /* chatAppUITests */,
			);
		};
/* End PBXProject section */

/* Begin PBXResourcesBuildPhase section */
		38D504B021A5040D001097FD /* Resources */ = {
			isa = PBXResourcesBuildPhase;
			buildActionMask = 2147483647;
			files = (
				38D504C021A5040F001097FD /* LaunchScreen.storyboard in Resources */,
				38D0904C21A82CB20022EAD5 /* GoogleService-Info.plist in Resources */,
				38D504BD21A5040F001097FD /* Assets.xcassets in Resources */,
				38D504BB21A5040D001097FD /* Main.storyboard in Resources */,
			);
			runOnlyForDeploymentPostprocessing = 0;
		};
		38D504C421A5040F001097FD /* Resources */ = {
			isa = PBXResourcesBuildPhase;
			buildActionMask = 2147483647;
			files = (
			);
			runOnlyForDeploymentPostprocessing = 0;
		};
		38D504CF21A5040F001097FD /* Resources */ = {
			isa = PBXResourcesBuildPhase;
			buildActionMask = 2147483647;
			files = (
			);
			runOnlyForDeploymentPostprocessing = 0;
		};
/* End PBXResourcesBuildPhase section */

/* Begin PBXShellScriptBuildPhase section */
		1CB42F6DE5540A422B69D2F8 /* [CP] Check Pods Manifest.lock */ = {
			isa = PBXShellScriptBuildPhase;
			buildActionMask = 2147483647;
			files = (
			);
			inputFileListPaths = (
			);
			inputPaths = (
				"${PODS_PODFILE_DIR_PATH}/Podfile.lock",
				"${PODS_ROOT}/Manifest.lock",
			);
			name = "[CP] Check Pods Manifest.lock";
			outputFileListPaths = (
			);
			outputPaths = (
				"$(DERIVED_FILE_DIR)/Pods-chatAppTests-checkManifestLockResult.txt",
			);
			runOnlyForDeploymentPostprocessing = 0;
			shellPath = /bin/sh;
			shellScript = "diff \"${PODS_PODFILE_DIR_PATH}/Podfile.lock\" \"${PODS_ROOT}/Manifest.lock\" > /dev/null\nif [ $? != 0 ] ; then\n    # print error to STDERR\n    echo \"error: The sandbox is not in sync with the Podfile.lock. Run 'pod install' or update your CocoaPods installation.\" >&2\n    exit 1\nfi\n# This output is used by Xcode 'outputs' to avoid re-running this script phase.\necho \"SUCCESS\" > \"${SCRIPT_OUTPUT_FILE_0}\"\n";
			showEnvVarsInLog = 0;
		};
		90075217B68BD51ED972E8DE /* [CP] Check Pods Manifest.lock */ = {
			isa = PBXShellScriptBuildPhase;
			buildActionMask = 2147483647;
			files = (
			);
			inputFileListPaths = (
			);
			inputPaths = (
				"${PODS_PODFILE_DIR_PATH}/Podfile.lock",
				"${PODS_ROOT}/Manifest.lock",
			);
			name = "[CP] Check Pods Manifest.lock";
			outputFileListPaths = (
			);
			outputPaths = (
				"$(DERIVED_FILE_DIR)/Pods-chatApp-checkManifestLockResult.txt",
			);
			runOnlyForDeploymentPostprocessing = 0;
			shellPath = /bin/sh;
			shellScript = "diff \"${PODS_PODFILE_DIR_PATH}/Podfile.lock\" \"${PODS_ROOT}/Manifest.lock\" > /dev/null\nif [ $? != 0 ] ; then\n    # print error to STDERR\n    echo \"error: The sandbox is not in sync with the Podfile.lock. Run 'pod install' or update your CocoaPods installation.\" >&2\n    exit 1\nfi\n# This output is used by Xcode 'outputs' to avoid re-running this script phase.\necho \"SUCCESS\" > \"${SCRIPT_OUTPUT_FILE_0}\"\n";
			showEnvVarsInLog = 0;
		};
		9AB2D557FA17328A79D47466 /* [CP] Check Pods Manifest.lock */ = {
			isa = PBXShellScriptBuildPhase;
			buildActionMask = 2147483647;
			files = (
			);
			inputFileListPaths = (
			);
			inputPaths = (
				"${PODS_PODFILE_DIR_PATH}/Podfile.lock",
				"${PODS_ROOT}/Manifest.lock",
			);
			name = "[CP] Check Pods Manifest.lock";
			outputFileListPaths = (
			);
			outputPaths = (
				"$(DERIVED_FILE_DIR)/Pods-chatAppUITests-checkManifestLockResult.txt",
			);
			runOnlyForDeploymentPostprocessing = 0;
			shellPath = /bin/sh;
			shellScript = "diff \"${PODS_PODFILE_DIR_PATH}/Podfile.lock\" \"${PODS_ROOT}/Manifest.lock\" > /dev/null\nif [ $? != 0 ] ; then\n    # print error to STDERR\n    echo \"error: The sandbox is not in sync with the Podfile.lock. Run 'pod install' or update your CocoaPods installation.\" >&2\n    exit 1\nfi\n# This output is used by Xcode 'outputs' to avoid re-running this script phase.\necho \"SUCCESS\" > \"${SCRIPT_OUTPUT_FILE_0}\"\n";
			showEnvVarsInLog = 0;
		};
		AF47673F909BED4631AFFB14 /* [CP] Embed Pods Frameworks */ = {
			isa = PBXShellScriptBuildPhase;
			buildActionMask = 2147483647;
			files = (
			);
			inputFileListPaths = (
			);
			inputPaths = (
				"${SRCROOT}/Pods/Target Support Files/Pods-chatApp/Pods-chatApp-frameworks.sh",
				"${BUILT_PRODUCTS_DIR}/GTMSessionFetcher/GTMSessionFetcher.framework",
				"${BUILT_PRODUCTS_DIR}/GoogleUtilities/GoogleUtilities.framework",
				"${BUILT_PRODUCTS_DIR}/leveldb-library/leveldb.framework",
				"${BUILT_PRODUCTS_DIR}/nanopb/nanopb.framework",
			);
			name = "[CP] Embed Pods Frameworks";
			outputFileListPaths = (
			);
			outputPaths = (
				"${TARGET_BUILD_DIR}/${FRAMEWORKS_FOLDER_PATH}/GTMSessionFetcher.framework",
				"${TARGET_BUILD_DIR}/${FRAMEWORKS_FOLDER_PATH}/GoogleUtilities.framework",
				"${TARGET_BUILD_DIR}/${FRAMEWORKS_FOLDER_PATH}/leveldb.framework",
				"${TARGET_BUILD_DIR}/${FRAMEWORKS_FOLDER_PATH}/nanopb.framework",
			);
			runOnlyForDeploymentPostprocessing = 0;
			shellPath = /bin/sh;
			shellScript = "\"${SRCROOT}/Pods/Target Support Files/Pods-chatApp/Pods-chatApp-frameworks.sh\"\n";
			showEnvVarsInLog = 0;
		};
/* End PBXShellScriptBuildPhase section */

/* Begin PBXSourcesBuildPhase section */
		38D504AE21A5040D001097FD /* Sources */ = {
			isa = PBXSourcesBuildPhase;
			buildActionMask = 2147483647;
			files = (
				3801322621A9A17700C230D9 /* NewMessageController.swift in Sources */,
				38D504E521A517C4001097FD /* loginController.swift in Sources */,
				38D504B821A5040D001097FD /* MessageController.swift in Sources */,
				3801322921A9B22B00C230D9 /* User.swift in Sources */,
				38D504B621A5040D001097FD /* AppDelegate.swift in Sources */,
			);
			runOnlyForDeploymentPostprocessing = 0;
		};
		38D504C221A5040F001097FD /* Sources */ = {
			isa = PBXSourcesBuildPhase;
			buildActionMask = 2147483647;
			files = (
				38D504CB21A5040F001097FD /* chatAppTests.swift in Sources */,
			);
			runOnlyForDeploymentPostprocessing = 0;
		};
		38D504CD21A5040F001097FD /* Sources */ = {
			isa = PBXSourcesBuildPhase;
			buildActionMask = 2147483647;
			files = (
				38D504D621A5040F001097FD /* chatAppUITests.swift in Sources */,
			);
			runOnlyForDeploymentPostprocessing = 0;
		};
/* End PBXSourcesBuildPhase section */

/* Begin PBXTargetDependency section */
		38D504C821A5040F001097FD /* PBXTargetDependency */ = {
			isa = PBXTargetDependency;
			target = 38D504B121A5040D001097FD /* chatApp */;
			targetProxy = 38D504C721A5040F001097FD /* PBXContainerItemProxy */;
		};
		38D504D321A5040F001097FD /* PBXTargetDependency */ = {
			isa = PBXTargetDependency;
			target = 38D504B121A5040D001097FD /* chatApp */;
			targetProxy = 38D504D221A5040F001097FD /* PBXContainerItemProxy */;
		};
/* End PBXTargetDependency section */

/* Begin PBXVariantGroup section */
		38D504B921A5040D001097FD /* Main.storyboard */ = {
			isa = PBXVariantGroup;
			children = (
				38D504BA21A5040D001097FD /* Base */,
			);
			name = Main.storyboard;
			sourceTree = "<group>";
		};
		38D504BE21A5040F001097FD /* LaunchScreen.storyboard */ = {
			isa = PBXVariantGroup;
			children = (
				38D504BF21A5040F001097FD /* Base */,
			);
			name = LaunchScreen.storyboard;
			sourceTree = "<group>";
		};
/* End PBXVariantGroup section */

/* Begin XCBuildConfiguration section */
		38D504D821A5040F001097FD /* Debug */ = {
			isa = XCBuildConfiguration;
			buildSettings = {
				ALWAYS_SEARCH_USER_PATHS = NO;
				CLANG_ANALYZER_NONNULL = YES;
				CLANG_ANALYZER_NUMBER_OBJECT_CONVERSION = YES_AGGRESSIVE;
				CLANG_CXX_LANGUAGE_STANDARD = "gnu++14";
				CLANG_CXX_LIBRARY = "libc++";
				CLANG_ENABLE_MODULES = YES;
				CLANG_ENABLE_OBJC_ARC = YES;
				CLANG_ENABLE_OBJC_WEAK = YES;
				CLANG_WARN_BLOCK_CAPTURE_AUTORELEASING = YES;
				CLANG_WARN_BOOL_CONVERSION = YES;
				CLANG_WARN_COMMA = YES;
				CLANG_WARN_CONSTANT_CONVERSION = YES;
				CLANG_WARN_DEPRECATED_OBJC_IMPLEMENTATIONS = YES;
				CLANG_WARN_DIRECT_OBJC_ISA_USAGE = YES_ERROR;
				CLANG_WARN_DOCUMENTATION_COMMENTS = YES;
				CLANG_WARN_EMPTY_BODY = YES;
				CLANG_WARN_ENUM_CONVERSION = YES;
				CLANG_WARN_INFINITE_RECURSION = YES;
				CLANG_WARN_INT_CONVERSION = YES;
				CLANG_WARN_NON_LITERAL_NULL_CONVERSION = YES;
				CLANG_WARN_OBJC_IMPLICIT_RETAIN_SELF = YES;
				CLANG_WARN_OBJC_LITERAL_CONVERSION = YES;
				CLANG_WARN_OBJC_ROOT_CLASS = YES_ERROR;
				CLANG_WARN_RANGE_LOOP_ANALYSIS = YES;
				CLANG_WARN_STRICT_PROTOTYPES = YES;
				CLANG_WARN_SUSPICIOUS_MOVE = YES;
				CLANG_WARN_UNGUARDED_AVAILABILITY = YES_AGGRESSIVE;
				CLANG_WARN_UNREACHABLE_CODE = YES;
				CLANG_WARN__DUPLICATE_METHOD_MATCH = YES;
				CODE_SIGN_IDENTITY = "iPhone Developer";
				COPY_PHASE_STRIP = NO;
				DEBUG_INFORMATION_FORMAT = dwarf;
				ENABLE_STRICT_OBJC_MSGSEND = YES;
				ENABLE_TESTABILITY = YES;
				GCC_C_LANGUAGE_STANDARD = gnu11;
				GCC_DYNAMIC_NO_PIC = NO;
				GCC_NO_COMMON_BLOCKS = YES;
				GCC_OPTIMIZATION_LEVEL = 0;
				GCC_PREPROCESSOR_DEFINITIONS = (
					"DEBUG=1",
					"$(inherited)",
				);
				GCC_WARN_64_TO_32_BIT_CONVERSION = YES;
				GCC_WARN_ABOUT_RETURN_TYPE = YES_ERROR;
				GCC_WARN_UNDECLARED_SELECTOR = YES;
				GCC_WARN_UNINITIALIZED_AUTOS = YES_AGGRESSIVE;
				GCC_WARN_UNUSED_FUNCTION = YES;
				GCC_WARN_UNUSED_VARIABLE = YES;
				IPHONEOS_DEPLOYMENT_TARGET = 12.0;
				MTL_ENABLE_DEBUG_INFO = INCLUDE_SOURCE;
				MTL_FAST_MATH = YES;
				ONLY_ACTIVE_ARCH = YES;
				SDKROOT = iphoneos;
				SWIFT_ACTIVE_COMPILATION_CONDITIONS = DEBUG;
				SWIFT_OPTIMIZATION_LEVEL = "-Onone";
			};
			name = Debug;
		};
		38D504D921A5040F001097FD /* Release */ = {
			isa = XCBuildConfiguration;
			buildSettings = {
				ALWAYS_SEARCH_USER_PATHS = NO;
				CLANG_ANALYZER_NONNULL = YES;
				CLANG_ANALYZER_NUMBER_OBJECT_CONVERSION = YES_AGGRESSIVE;
				CLANG_CXX_LANGUAGE_STANDARD = "gnu++14";
				CLANG_CXX_LIBRARY = "libc++";
				CLANG_ENABLE_MODULES = YES;
				CLANG_ENABLE_OBJC_ARC = YES;
				CLANG_ENABLE_OBJC_WEAK = YES;
				CLANG_WARN_BLOCK_CAPTURE_AUTORELEASING = YES;
				CLANG_WARN_BOOL_CONVERSION = YES;
				CLANG_WARN_COMMA = YES;
				CLANG_WARN_CONSTANT_CONVERSION = YES;
				CLANG_WARN_DEPRECATED_OBJC_IMPLEMENTATIONS = YES;
				CLANG_WARN_DIRECT_OBJC_ISA_USAGE = YES_ERROR;
				CLANG_WARN_DOCUMENTATION_COMMENTS = YES;
				CLANG_WARN_EMPTY_BODY = YES;
				CLANG_WARN_ENUM_CONVERSION = YES;
				CLANG_WARN_INFINITE_RECURSION = YES;
				CLANG_WARN_INT_CONVERSION = YES;
				CLANG_WARN_NON_LITERAL_NULL_CONVERSION = YES;
				CLANG_WARN_OBJC_IMPLICIT_RETAIN_SELF = YES;
				CLANG_WARN_OBJC_LITERAL_CONVERSION = YES;
				CLANG_WARN_OBJC_ROOT_CLASS = YES_ERROR;
				CLANG_WARN_RANGE_LOOP_ANALYSIS = YES;
				CLANG_WARN_STRICT_PROTOTYPES = YES;
				CLANG_WARN_SUSPICIOUS_MOVE = YES;
				CLANG_WARN_UNGUARDED_AVAILABILITY = YES_AGGRESSIVE;
				CLANG_WARN_UNREACHABLE_CODE = YES;
				CLANG_WARN__DUPLICATE_METHOD_MATCH = YES;
				CODE_SIGN_IDENTITY = "iPhone Developer";
				COPY_PHASE_STRIP = NO;
				DEBUG_INFORMATION_FORMAT = "dwarf-with-dsym";
				ENABLE_NS_ASSERTIONS = NO;
				ENABLE_STRICT_OBJC_MSGSEND = YES;
				GCC_C_LANGUAGE_STANDARD = gnu11;
				GCC_NO_COMMON_BLOCKS = YES;
				GCC_WARN_64_TO_32_BIT_CONVERSION = YES;
				GCC_WARN_ABOUT_RETURN_TYPE = YES_ERROR;
				GCC_WARN_UNDECLARED_SELECTOR = YES;
				GCC_WARN_UNINITIALIZED_AUTOS = YES_AGGRESSIVE;
				GCC_WARN_UNUSED_FUNCTION = YES;
				GCC_WARN_UNUSED_VARIABLE = YES;
				IPHONEOS_DEPLOYMENT_TARGET = 12.0;
				MTL_ENABLE_DEBUG_INFO = NO;
				MTL_FAST_MATH = YES;
				SDKROOT = iphoneos;
				SWIFT_COMPILATION_MODE = wholemodule;
				SWIFT_OPTIMIZATION_LEVEL = "-O";
				VALIDATE_PRODUCT = YES;
			};
			name = Release;
		};
		38D504DB21A5040F001097FD /* Debug */ = {
			isa = XCBuildConfiguration;
			baseConfigurationReference = EC6E974B118BDB4E7BB1EF00 /* Pods-chatApp.debug.xcconfig */;
			buildSettings = {
				ASSETCATALOG_COMPILER_APPICON_NAME = AppIcon;
				CODE_SIGN_STYLE = Automatic;
				DEVELOPMENT_TEAM = 7ZYN85745M;
				INFOPLIST_FILE = chatApp/Info.plist;
				LD_RUNPATH_SEARCH_PATHS = (
					"$(inherited)",
					"@executable_path/Frameworks",
				);
				PRODUCT_BUNDLE_IDENTIFIER = murad.chatApp;
				PRODUCT_NAME = "$(TARGET_NAME)";
				SWIFT_VERSION = 4.2;
				TARGETED_DEVICE_FAMILY = "1,2";
			};
			name = Debug;
		};
		38D504DC21A5040F001097FD /* Release */ = {
			isa = XCBuildConfiguration;
			baseConfigurationReference = F7F99EBB773820B93B865A5D /* Pods-chatApp.release.xcconfig */;
			buildSettings = {
				ASSETCATALOG_COMPILER_APPICON_NAME = AppIcon;
				CODE_SIGN_STYLE = Automatic;
				DEVELOPMENT_TEAM = 7ZYN85745M;
				INFOPLIST_FILE = chatApp/Info.plist;
				LD_RUNPATH_SEARCH_PATHS = (
					"$(inherited)",
					"@executable_path/Frameworks",
				);
				PRODUCT_BUNDLE_IDENTIFIER = murad.chatApp;
				PRODUCT_NAME = "$(TARGET_NAME)";
				SWIFT_VERSION = 4.2;
				TARGETED_DEVICE_FAMILY = "1,2";
			};
			name = Release;
		};
		38D504DE21A5040F001097FD /* Debug */ = {
			isa = XCBuildConfiguration;
			baseConfigurationReference = 12F3CBE4B6EA0C3082028667 /* Pods-chatAppTests.debug.xcconfig */;
			buildSettings = {
				ALWAYS_EMBED_SWIFT_STANDARD_LIBRARIES = YES;
				BUNDLE_LOADER = "$(TEST_HOST)";
				CODE_SIGN_STYLE = Automatic;
				DEVELOPMENT_TEAM = 7ZYN85745M;
				INFOPLIST_FILE = chatAppTests/Info.plist;
				LD_RUNPATH_SEARCH_PATHS = (
					"$(inherited)",
					"@executable_path/Frameworks",
					"@loader_path/Frameworks",
				);
				PRODUCT_BUNDLE_IDENTIFIER = murad.chatAppTests;
				PRODUCT_NAME = "$(TARGET_NAME)";
				SWIFT_VERSION = 4.2;
				TARGETED_DEVICE_FAMILY = "1,2";
				TEST_HOST = "$(BUILT_PRODUCTS_DIR)/chatApp.app/chatApp";
			};
			name = Debug;
		};
		38D504DF21A5040F001097FD /* Release */ = {
			isa = XCBuildConfiguration;
			baseConfigurationReference = BD65FA74925CEB8598FD5103 /* Pods-chatAppTests.release.xcconfig */;
			buildSettings = {
				ALWAYS_EMBED_SWIFT_STANDARD_LIBRARIES = YES;
				BUNDLE_LOADER = "$(TEST_HOST)";
				CODE_SIGN_STYLE = Automatic;
				DEVELOPMENT_TEAM = 7ZYN85745M;
				INFOPLIST_FILE = chatAppTests/Info.plist;
				LD_RUNPATH_SEARCH_PATHS = (
					"$(inherited)",
					"@executable_path/Frameworks",
					"@loader_path/Frameworks",
				);
				PRODUCT_BUNDLE_IDENTIFIER = murad.chatAppTests;
				PRODUCT_NAME = "$(TARGET_NAME)";
				SWIFT_VERSION = 4.2;
				TARGETED_DEVICE_FAMILY = "1,2";
				TEST_HOST = "$(BUILT_PRODUCTS_DIR)/chatApp.app/chatApp";
			};
			name = Release;
		};
		38D504E121A5040F001097FD /* Debug */ = {
			isa = XCBuildConfiguration;
			baseConfigurationReference = 09F97EE8074C32223C696ABB /* Pods-chatAppUITests.debug.xcconfig */;
			buildSettings = {
				ALWAYS_EMBED_SWIFT_STANDARD_LIBRARIES = YES;
				CODE_SIGN_STYLE = Automatic;
				DEVELOPMENT_TEAM = 7ZYN85745M;
				INFOPLIST_FILE = chatAppUITests/Info.plist;
				LD_RUNPATH_SEARCH_PATHS = (
					"$(inherited)",
					"@executable_path/Frameworks",
					"@loader_path/Frameworks",
				);
				PRODUCT_BUNDLE_IDENTIFIER = murad.chatAppUITests;
				PRODUCT_NAME = "$(TARGET_NAME)";
				SWIFT_VERSION = 4.2;
				TARGETED_DEVICE_FAMILY = "1,2";
				TEST_TARGET_NAME = chatApp;
			};
			name = Debug;
		};
		38D504E221A5040F001097FD /* Release */ = {
			isa = XCBuildConfiguration;
			baseConfigurationReference = 4C958D647EB7367BD872CCED /* Pods-chatAppUITests.release.xcconfig */;
			buildSettings = {
				ALWAYS_EMBED_SWIFT_STANDARD_LIBRARIES = YES;
				CODE_SIGN_STYLE = Automatic;
				DEVELOPMENT_TEAM = 7ZYN85745M;
				INFOPLIST_FILE = chatAppUITests/Info.plist;
				LD_RUNPATH_SEARCH_PATHS = (
					"$(inherited)",
					"@executable_path/Frameworks",
					"@loader_path/Frameworks",
				);
				PRODUCT_BUNDLE_IDENTIFIER = murad.chatAppUITests;
				PRODUCT_NAME = "$(TARGET_NAME)";
				SWIFT_VERSION = 4.2;
				TARGETED_DEVICE_FAMILY = "1,2";
				TEST_TARGET_NAME = chatApp;
			};
			name = Release;
		};
/* End XCBuildConfiguration section */

/* Begin XCConfigurationList section */
		38D504AD21A5040D001097FD /* Build configuration list for PBXProject "chatApp" */ = {
			isa = XCConfigurationList;
			buildConfigurations = (
				38D504D821A5040F001097FD /* Debug */,
				38D504D921A5040F001097FD /* Release */,
			);
			defaultConfigurationIsVisible = 0;
			defaultConfigurationName = Release;
		};
		38D504DA21A5040F001097FD /* Build configuration list for PBXNativeTarget "chatApp" */ = {
			isa = XCConfigurationList;
			buildConfigurations = (
				38D504DB21A5040F001097FD /* Debug */,
				38D504DC21A5040F001097FD /* Release */,
			);
			defaultConfigurationIsVisible = 0;
			defaultConfigurationName = Release;
		};
		38D504DD21A5040F001097FD /* Build configuration list for PBXNativeTarget "chatAppTests" */ = {
			isa = XCConfigurationList;
			buildConfigurations = (
				38D504DE21A5040F001097FD /* Debug */,
				38D504DF21A5040F001097FD /* Release */,
			);
			defaultConfigurationIsVisible = 0;
			defaultConfigurationName = Release;
		};
		38D504E021A5040F001097FD /* Build configuration list for PBXNativeTarget "chatAppUITests" */ = {
			isa = XCConfigurationList;
			buildConfigurations = (
				38D504E121A5040F001097FD /* Debug */,
				38D504E221A5040F001097FD /* Release */,
			);
			defaultConfigurationIsVisible = 0;
			defaultConfigurationName = Release;
		};
/* End XCConfigurationList section */
	};
	rootObject = 38D504AA21A5040D001097FD /* Project object */;
}
